
Microsoft Visual Studio Solution File, Format Version 12.00
# Visual Studio 15
VisualStudioVersion = 15.0.28307.902
MinimumVisualStudioVersion = 10.0.40219.1
Project("{FAE04EC0-301F-11D3-BF4B-00C04F79EFBC}") = "ParallelExample", "ParallelExample\ParallelExample.csproj", "{60FDF5EA-2D5C-48BE-900D-3E1ABA262734}"
EndProject
Global
	GlobalSection(SolutionConfigurationPlatforms) = preSolution
		Debug|Any CPU = Debug|Any CPU
		Release|Any CPU = Release|Any CPU
	EndGlobalSection
	GlobalSection(ProjectConfigurationPlatforms) = postSolution
		{60FDF5EA-2D5C-48BE-900D-3E1ABA262734}.Debug|Any CPU.ActiveCfg = Debug|Any CPU
		{60FDF5EA-2D5C-48BE-900D-3E1ABA262734}.Debug|Any CPU.Build.0 = Debug|Any CPU
		{60FDF5EA-2D5C-48BE-900D-3E1ABA262734}.Release|Any CPU.ActiveCfg = Release|Any CPU
		{60FDF5EA-2D5C-48BE-900D-3E1ABA262734}.Release|Any CPU.Build.0 = Release|Any CPU
	EndGlobalSection
	GlobalSection(SolutionProperties) = preSolution
		HideSolutionNode = FALSE
	EndGlobalSection
	GlobalSection(ExtensibilityGlobals) = postSolution
		SolutionGuid = {3414B694-AE79-4440-9058-0DA789E9204D}
	EndGlobalSection
EndGlobal
